// !$*UTF8*$!
{
	archiveVersion = 1;
	classes = {
	};
	objectVersion = 50;
	objects = {

/* Begin PBXBuildFile section */
		147980D82192452A00953CD2 /* AppDelegate.swift in Sources */ = {isa = PBXBuildFile; fileRef = 147980D72192452A00953CD2 /* AppDelegate.swift */; };
		147980DA2192452A00953CD2 /* ViewController.swift in Sources */ = {isa = PBXBuildFile; fileRef = 147980D92192452A00953CD2 /* ViewController.swift */; };
		147980DD2192452A00953CD2 /* Main.storyboard in Resources */ = {isa = PBXBuildFile; fileRef = 147980DB2192452A00953CD2 /* Main.storyboard */; };
		147980DF2192452B00953CD2 /* Assets.xcassets in Resources */ = {isa = PBXBuildFile; fileRef = 147980DE2192452B00953CD2 /* Assets.xcassets */; };
		147980E22192452B00953CD2 /* LaunchScreen.storyboard in Resources */ = {isa = PBXBuildFile; fileRef = 147980E02192452B00953CD2 /* LaunchScreen.storyboard */; };
		147980F72192FFCA00953CD2 /* TERCHandler.swift in Sources */ = {isa = PBXBuildFile; fileRef = 147980ED2192FFC600953CD2 /* TERCHandler.swift */; };
		147980F82192FFCA00953CD2 /* TERC.xml in Resources */ = {isa = PBXBuildFile; fileRef = 147980EE2192FFC700953CD2 /* TERC.xml */; };
		147980F92192FFCA00953CD2 /* ULIC.xml in Resources */ = {isa = PBXBuildFile; fileRef = 147980EF2192FFC800953CD2 /* ULIC.xml */; };
		147980FA2192FFCA00953CD2 /* HandlerChooser.swift in Sources */ = {isa = PBXBuildFile; fileRef = 147980F02192FFC800953CD2 /* HandlerChooser.swift */; };
		147980FB2192FFCA00953CD2 /* ULICHandler1.swift in Sources */ = {isa = PBXBuildFile; fileRef = 147980F12192FFC800953CD2 /* ULICHandler1.swift */; };
		147980FC2192FFCA00953CD2 /* ULICHandler2.swift in Sources */ = {isa = PBXBuildFile; fileRef = 147980F22192FFC800953CD2 /* ULICHandler2.swift */; };
		147980FD2192FFCA00953CD2 /* SIMC.xml in Resources */ = {isa = PBXBuildFile; fileRef = 147980F32192FFC900953CD2 /* SIMC.xml */; };
		147980FE2192FFCA00953CD2 /* ULICHandler3.swift in Sources */ = {isa = PBXBuildFile; fileRef = 147980F42192FFC900953CD2 /* ULICHandler3.swift */; };
		147980FF2192FFCA00953CD2 /* SIMCHandler.swift in Sources */ = {isa = PBXBuildFile; fileRef = 147980F52192FFC900953CD2 /* SIMCHandler.swift */; };
		147981002192FFCA00953CD2 /* Description.swift in Sources */ = {isa = PBXBuildFile; fileRef = 147980F62192FFC900953CD2 /* Description.swift */; };
		1479810521934CA000953CD2 /* CustomMessageCell.swift in Sources */ = {isa = PBXBuildFile; fileRef = 1479810321934CA000953CD2 /* CustomMessageCell.swift */; };
		1479810621934CA000953CD2 /* MessageCell.xib in Resources */ = {isa = PBXBuildFile; fileRef = 1479810421934CA000953CD2 /* MessageCell.xib */; };
		42B9EB9292A8879F2237C35B /* Pods_GusService.framework in Frameworks */ = {isa = PBXBuildFile; fileRef = 088BF1A83C76ABB93EAD0068 /* Pods_GusService.framework */; };
/* End PBXBuildFile section */

/* Begin PBXFileReference section */
		088BF1A83C76ABB93EAD0068 /* Pods_GusService.framework */ = {isa = PBXFileReference; explicitFileType = wrapper.framework; includeInIndex = 0; path = Pods_GusService.framework; sourceTree = BUILT_PRODUCTS_DIR; };
		147980D42192452A00953CD2 /* GusService.app */ = {isa = PBXFileReference; explicitFileType = wrapper.application; includeInIndex = 0; path = GusService.app; sourceTree = BUILT_PRODUCTS_DIR; };
		147980D72192452A00953CD2 /* AppDelegate.swift */ = {isa = PBXFileReference; lastKnownFileType = sourcecode.swift; path = AppDelegate.swift; sourceTree = "<group>"; };
		147980D92192452A00953CD2 /* ViewController.swift */ = {isa = PBXFileReference; lastKnownFileType = sourcecode.swift; path = ViewController.swift; sourceTree = "<group>"; };
		147980DC2192452A00953CD2 /* Base */ = {isa = PBXFileReference; lastKnownFileType = file.storyboard; name = Base; path = Base.lproj/Main.storyboard; sourceTree = "<group>"; };
		147980DE2192452B00953CD2 /* Assets.xcassets */ = {isa = PBXFileReference; lastKnownFileType = folder.assetcatalog; path = Assets.xcassets; sourceTree = "<group>"; };
		147980E12192452B00953CD2 /* Base */ = {isa = PBXFileReference; lastKnownFileType = file.storyboard; name = Base; path = Base.lproj/LaunchScreen.storyboard; sourceTree = "<group>"; };
		147980E32192452B00953CD2 /* Info.plist */ = {isa = PBXFileReference; lastKnownFileType = text.plist.xml; path = Info.plist; sourceTree = "<group>"; };
		147980ED2192FFC600953CD2 /* TERCHandler.swift */ = {isa = PBXFileReference; fileEncoding = 4; lastKnownFileType = sourcecode.swift; path = TERCHandler.swift; sourceTree = "<group>"; };
		147980EE2192FFC700953CD2 /* TERC.xml */ = {isa = PBXFileReference; fileEncoding = 4; lastKnownFileType = text.xml; path = TERC.xml; sourceTree = "<group>"; };
		147980EF2192FFC800953CD2 /* ULIC.xml */ = {isa = PBXFileReference; fileEncoding = 4; lastKnownFileType = text.xml; path = ULIC.xml; sourceTree = "<group>"; };
		147980F02192FFC800953CD2 /* HandlerChooser.swift */ = {isa = PBXFileReference; fileEncoding = 4; lastKnownFileType = sourcecode.swift; path = HandlerChooser.swift; sourceTree = "<group>"; };
		147980F12192FFC800953CD2 /* ULICHandler1.swift */ = {isa = PBXFileReference; fileEncoding = 4; lastKnownFileType = sourcecode.swift; path = ULICHandler1.swift; sourceTree = "<group>"; };
		147980F22192FFC800953CD2 /* ULICHandler2.swift */ = {isa = PBXFileReference; fileEncoding = 4; lastKnownFileType = sourcecode.swift; path = ULICHandler2.swift; sourceTree = "<group>"; };
		147980F32192FFC900953CD2 /* SIMC.xml */ = {isa = PBXFileReference; fileEncoding = 4; lastKnownFileType = text.xml; path = SIMC.xml; sourceTree = "<group>"; };
		147980F42192FFC900953CD2 /* ULICHandler3.swift */ = {isa = PBXFileReference; fileEncoding = 4; lastKnownFileType = sourcecode.swift; path = ULICHandler3.swift; sourceTree = "<group>"; };
		147980F52192FFC900953CD2 /* SIMCHandler.swift */ = {isa = PBXFileReference; fileEncoding = 4; lastKnownFileType = sourcecode.swift; path = SIMCHandler.swift; sourceTree = "<group>"; };
		147980F62192FFC900953CD2 /* Description.swift */ = {isa = PBXFileReference; fileEncoding = 4; lastKnownFileType = sourcecode.swift; path = Description.swift; sourceTree = "<group>"; };
		1479810321934CA000953CD2 /* CustomMessageCell.swift */ = {isa = PBXFileReference; fileEncoding = 4; lastKnownFileType = sourcecode.swift; path = CustomMessageCell.swift; sourceTree = "<group>"; };
		1479810421934CA000953CD2 /* MessageCell.xib */ = {isa = PBXFileReference; fileEncoding = 4; lastKnownFileType = file.xib; path = MessageCell.xib; sourceTree = "<group>"; };
		61EB1A3045ACEB6D608FC56C /* Pods-GusService.release.xcconfig */ = {isa = PBXFileReference; includeInIndex = 1; lastKnownFileType = text.xcconfig; name = "Pods-GusService.release.xcconfig"; path = "Pods/Target Support Files/Pods-GusService/Pods-GusService.release.xcconfig"; sourceTree = "<group>"; };
		94BCAA0C7FDAB058CAB5FEA3 /* Pods-GusService.debug.xcconfig */ = {isa = PBXFileReference; includeInIndex = 1; lastKnownFileType = text.xcconfig; name = "Pods-GusService.debug.xcconfig"; path = "Pods/Target Support Files/Pods-GusService/Pods-GusService.debug.xcconfig"; sourceTree = "<group>"; };
/* End PBXFileReference section */

/* Begin PBXFrameworksBuildPhase section */
		147980D12192452A00953CD2 /* Frameworks */ = {
			isa = PBXFrameworksBuildPhase;
			buildActionMask = 2147483647;
			files = (
				42B9EB9292A8879F2237C35B /* Pods_GusService.framework in Frameworks */,
			);
			runOnlyForDeploymentPostprocessing = 0;
		};
/* End PBXFrameworksBuildPhase section */

/* Begin PBXGroup section */
		147980CB2192452A00953CD2 = {
			isa = PBXGroup;
			children = (
				147980D62192452A00953CD2 /* GusService */,
				147980D52192452A00953CD2 /* Products */,
				51D352AFB42EBA4E56FB687F /* Pods */,
				6F0ACAF3B26B3B158C31EC32 /* Frameworks */,
			);
			sourceTree = "<group>";
		};
		147980D52192452A00953CD2 /* Products */ = {
			isa = PBXGroup;
			children = (
				147980D42192452A00953CD2 /* GusService.app */,
			);
			name = Products;
			sourceTree = "<group>";
		};
		147980D62192452A00953CD2 /* GusService */ = {
			isa = PBXGroup;
			children = (
				1479810721934CAA00953CD2 /* CustomMessage */,
				147980D72192452A00953CD2 /* AppDelegate.swift */,
				147980D92192452A00953CD2 /* ViewController.swift */,
				147980DB2192452A00953CD2 /* Main.storyboard */,
				147980DE2192452B00953CD2 /* Assets.xcassets */,
				147980E02192452B00953CD2 /* LaunchScreen.storyboard */,
				147980E32192452B00953CD2 /* Info.plist */,
				147980F62192FFC900953CD2 /* Description.swift */,
				147980F02192FFC800953CD2 /* HandlerChooser.swift */,
				147980F32192FFC900953CD2 /* SIMC.xml */,
				147980F52192FFC900953CD2 /* SIMCHandler.swift */,
				147980EE2192FFC700953CD2 /* TERC.xml */,
				147980ED2192FFC600953CD2 /* TERCHandler.swift */,
				147980EF2192FFC800953CD2 /* ULIC.xml */,
				147980F12192FFC800953CD2 /* ULICHandler1.swift */,
				147980F22192FFC800953CD2 /* ULICHandler2.swift */,
				147980F42192FFC900953CD2 /* ULICHandler3.swift */,
			);
			path = GusService;
			sourceTree = "<group>";
		};
		1479810721934CAA00953CD2 /* CustomMessage */ = {
			isa = PBXGroup;
			children = (
				1479810321934CA000953CD2 /* CustomMessageCell.swift */,
				1479810421934CA000953CD2 /* MessageCell.xib */,
			);
			path = CustomMessage;
			sourceTree = "<group>";
		};
		51D352AFB42EBA4E56FB687F /* Pods */ = {
			isa = PBXGroup;
			children = (
				94BCAA0C7FDAB058CAB5FEA3 /* Pods-GusService.debug.xcconfig */,
				61EB1A3045ACEB6D608FC56C /* Pods-GusService.release.xcconfig */,
			);
			name = Pods;
			sourceTree = "<group>";
		};
		6F0ACAF3B26B3B158C31EC32 /* Frameworks */ = {
			isa = PBXGroup;
			children = (
				088BF1A83C76ABB93EAD0068 /* Pods_GusService.framework */,
			);
			name = Frameworks;
			sourceTree = "<group>";
		};
/* End PBXGroup section */

/* Begin PBXNativeTarget section */
		147980D32192452A00953CD2 /* GusService */ = {
			isa = PBXNativeTarget;
			buildConfigurationList = 147980E62192452B00953CD2 /* Build configuration list for PBXNativeTarget "GusService" */;
			buildPhases = (
				CDED959709EEE26BB3B71D16 /* [CP] Check Pods Manifest.lock */,
				147980D02192452A00953CD2 /* Sources */,
				147980D12192452A00953CD2 /* Frameworks */,
				147980D22192452A00953CD2 /* Resources */,
				67A0378131B692127E141379 /* [CP] Embed Pods Frameworks */,
			);
			buildRules = (
			);
			dependencies = (
			);
			name = GusService;
			productName = GusService;
			productReference = 147980D42192452A00953CD2 /* GusService.app */;
			productType = "com.apple.product-type.application";
		};
/* End PBXNativeTarget section */

/* Begin PBXProject section */
		147980CC2192452A00953CD2 /* Project object */ = {
			isa = PBXProject;
			attributes = {
				LastSwiftUpdateCheck = 1010;
				LastUpgradeCheck = 1010;
				ORGANIZATIONNAME = "Filip Stajniak";
				TargetAttributes = {
					147980D32192452A00953CD2 = {
						CreatedOnToolsVersion = 10.1;
					};
				};
			};
			buildConfigurationList = 147980CF2192452A00953CD2 /* Build configuration list for PBXProject "GusService" */;
			compatibilityVersion = "Xcode 9.3";
			developmentRegion = en;
			hasScannedForEncodings = 0;
			knownRegions = (
				en,
				Base,
			);
			mainGroup = 147980CB2192452A00953CD2;
			productRefGroup = 147980D52192452A00953CD2 /* Products */;
			projectDirPath = "";
			projectRoot = "";
			targets = (
				147980D32192452A00953CD2 /* GusService */,
			);
		};
/* End PBXProject section */

/* Begin PBXResourcesBuildPhase section */
		147980D22192452A00953CD2 /* Resources */ = {
			isa = PBXResourcesBuildPhase;
			buildActionMask = 2147483647;
			files = (
				147980E22192452B00953CD2 /* LaunchScreen.storyboard in Resources */,
				147980F82192FFCA00953CD2 /* TERC.xml in Resources */,
				147980DF2192452B00953CD2 /* Assets.xcassets in Resources */,
				147980F92192FFCA00953CD2 /* ULIC.xml in Resources */,
				147980FD2192FFCA00953CD2 /* SIMC.xml in Resources */,
				1479810621934CA000953CD2 /* MessageCell.xib in Resources */,
				147980DD2192452A00953CD2 /* Main.storyboard in Resources */,
			);
			runOnlyForDeploymentPostprocessing = 0;
		};
/* End PBXResourcesBuildPhase section */

/* Begin PBXShellScriptBuildPhase section */
		67A0378131B692127E141379 /* [CP] Embed Pods Frameworks */ = {
			isa = PBXShellScriptBuildPhase;
			buildActionMask = 2147483647;
			files = (
			);
			inputFileListPaths = (
			);
			inputPaths = (
				"${SRCROOT}/Pods/Target Support Files/Pods-GusService/Pods-GusService-frameworks.sh",
				"${BUILT_PRODUCTS_DIR}/DropDown/DropDown.framework",
				"${BUILT_PRODUCTS_DIR}/SVProgressHUD/SVProgressHUD.framework",
			);
			name = "[CP] Embed Pods Frameworks";
			outputFileListPaths = (
			);
			outputPaths = (
				"${TARGET_BUILD_DIR}/${FRAMEWORKS_FOLDER_PATH}/DropDown.framework",
				"${TARGET_BUILD_DIR}/${FRAMEWORKS_FOLDER_PATH}/SVProgressHUD.framework",
			);
			runOnlyForDeploymentPostprocessing = 0;
			shellPath = /bin/sh;
			shellScript = "\"${SRCROOT}/Pods/Target Support Files/Pods-GusService/Pods-GusService-frameworks.sh\"\n";
			showEnvVarsInLog = 0;
		};
		CDED959709EEE26BB3B71D16 /* [CP] Check Pods Manifest.lock */ = {
			isa = PBXShellScriptBuildPhase;
			buildActionMask = 2147483647;
			files = (
			);
			inputFileListPaths = (
			);
			inputPaths = (
				"${PODS_PODFILE_DIR_PATH}/Podfile.lock",
				"${PODS_ROOT}/Manifest.lock",
			);
			name = "[CP] Check Pods Manifest.lock";
			outputFileListPaths = (
			);
			outputPaths = (
				"$(DERIVED_FILE_DIR)/Pods-GusService-checkManifestLockResult.txt",
			);
			runOnlyForDeploymentPostprocessing = 0;
			shellPath = /bin/sh;
			shellScript = "diff \"${PODS_PODFILE_DIR_PATH}/Podfile.lock\" \"${PODS_ROOT}/Manifest.lock\" > /dev/null\nif [ $? != 0 ] ; then\n    # print error to STDERR\n    echo \"error: The sandbox is not in sync with the Podfile.lock. Run 'pod install' or update your CocoaPods installation.\" >&2\n    exit 1\nfi\n# This output is used by Xcode 'outputs' to avoid re-running this script phase.\necho \"SUCCESS\" > \"${SCRIPT_OUTPUT_FILE_0}\"\n";
			showEnvVarsInLog = 0;
		};
/* End PBXShellScriptBuildPhase section */

/* Begin PBXSourcesBuildPhase section */
		147980D02192452A00953CD2 /* Sources */ = {
			isa = PBXSourcesBuildPhase;
			buildActionMask = 2147483647;
			files = (
				147980F72192FFCA00953CD2 /* TERCHandler.swift in Sources */,
				147980FB2192FFCA00953CD2 /* ULICHandler1.swift in Sources */,
				147981002192FFCA00953CD2 /* Description.swift in Sources */,
				147980FA2192FFCA00953CD2 /* HandlerChooser.swift in Sources */,
				147980FE2192FFCA00953CD2 /* ULICHandler3.swift in Sources */,
				147980FF2192FFCA00953CD2 /* SIMCHandler.swift in Sources */,
				1479810521934CA000953CD2 /* CustomMessageCell.swift in Sources */,
				147980DA2192452A00953CD2 /* ViewController.swift in Sources */,
				147980FC2192FFCA00953CD2 /* ULICHandler2.swift in Sources */,
				147980D82192452A00953CD2 /* AppDelegate.swift in Sources */,
			);
			runOnlyForDeploymentPostprocessing = 0;
		};
/* End PBXSourcesBuildPhase section */

/* Begin PBXVariantGroup section */
		147980DB2192452A00953CD2 /* Main.storyboard */ = {
			isa = PBXVariantGroup;
			children = (
				147980DC2192452A00953CD2 /* Base */,
			);
			name = Main.storyboard;
			sourceTree = "<group>";
		};
		147980E02192452B00953CD2 /* LaunchScreen.storyboard */ = {
			isa = PBXVariantGroup;
			children = (
				147980E12192452B00953CD2 /* Base */,
			);
			name = LaunchScreen.storyboard;
			sourceTree = "<group>";
		};
/* End PBXVariantGroup section */

/* Begin XCBuildConfiguration section */
		147980E42192452B00953CD2 /* Debug */ = {
			isa = XCBuildConfiguration;
			buildSettings = {
				ALWAYS_SEARCH_USER_PATHS = NO;
				CLANG_ANALYZER_NONNULL = YES;
				CLANG_ANALYZER_NUMBER_OBJECT_CONVERSION = YES_AGGRESSIVE;
				CLANG_CXX_LANGUAGE_STANDARD = "gnu++14";
				CLANG_CXX_LIBRARY = "libc++";
				CLANG_ENABLE_MODULES = YES;
				CLANG_ENABLE_OBJC_ARC = YES;
				CLANG_ENABLE_OBJC_WEAK = YES;
				CLANG_WARN_BLOCK_CAPTURE_AUTORELEASING = YES;
				CLANG_WARN_BOOL_CONVERSION = YES;
				CLANG_WARN_COMMA = YES;
				CLANG_WARN_CONSTANT_CONVERSION = YES;
				CLANG_WARN_DEPRECATED_OBJC_IMPLEMENTATIONS = YES;
				CLANG_WARN_DIRECT_OBJC_ISA_USAGE = YES_ERROR;
				CLANG_WARN_DOCUMENTATION_COMMENTS = YES;
				CLANG_WARN_EMPTY_BODY = YES;
				CLANG_WARN_ENUM_CONVERSION = YES;
				CLANG_WARN_INFINITE_RECURSION = YES;
				CLANG_WARN_INT_CONVERSION = YES;
				CLANG_WARN_NON_LITERAL_NULL_CONVERSION = YES;
				CLANG_WARN_OBJC_IMPLICIT_RETAIN_SELF = YES;
				CLANG_WARN_OBJC_LITERAL_CONVERSION = YES;
				CLANG_WARN_OBJC_ROOT_CLASS = YES_ERROR;
				CLANG_WARN_RANGE_LOOP_ANALYSIS = YES;
				CLANG_WARN_STRICT_PROTOTYPES = YES;
				CLANG_WARN_SUSPICIOUS_MOVE = YES;
				CLANG_WARN_UNGUARDED_AVAILABILITY = YES_AGGRESSIVE;
				CLANG_WARN_UNREACHABLE_CODE = YES;
				CLANG_WARN__DUPLICATE_METHOD_MATCH = YES;
				CODE_SIGN_IDENTITY = "iPhone Developer";
				COPY_PHASE_STRIP = NO;
				DEBUG_INFORMATION_FORMAT = dwarf;
				ENABLE_STRICT_OBJC_MSGSEND = YES;
				ENABLE_TESTABILITY = YES;
				GCC_C_LANGUAGE_STANDARD = gnu11;
				GCC_DYNAMIC_NO_PIC = NO;
				GCC_NO_COMMON_BLOCKS = YES;
				GCC_OPTIMIZATION_LEVEL = 0;
				GCC_PREPROCESSOR_DEFINITIONS = (
					"DEBUG=1",
					"$(inherited)",
				);
				GCC_WARN_64_TO_32_BIT_CONVERSION = YES;
				GCC_WARN_ABOUT_RETURN_TYPE = YES_ERROR;
				GCC_WARN_UNDECLARED_SELECTOR = YES;
				GCC_WARN_UNINITIALIZED_AUTOS = YES_AGGRESSIVE;
				GCC_WARN_UNUSED_FUNCTION = YES;
				GCC_WARN_UNUSED_VARIABLE = YES;
				IPHONEOS_DEPLOYMENT_TARGET = 12.1;
				MTL_ENABLE_DEBUG_INFO = INCLUDE_SOURCE;
				MTL_FAST_MATH = YES;
				ONLY_ACTIVE_ARCH = YES;
				SDKROOT = iphoneos;
				SWIFT_ACTIVE_COMPILATION_CONDITIONS = DEBUG;
				SWIFT_OPTIMIZATION_LEVEL = "-Onone";
			};
			name = Debug;
		};
		147980E52192452B00953CD2 /* Release */ = {
			isa = XCBuildConfiguration;
			buildSettings = {
				ALWAYS_SEARCH_USER_PATHS = NO;
				CLANG_ANALYZER_NONNULL = YES;
				CLANG_ANALYZER_NUMBER_OBJECT_CONVERSION = YES_AGGRESSIVE;
				CLANG_CXX_LANGUAGE_STANDARD = "gnu++14";
				CLANG_CXX_LIBRARY = "libc++";
				CLANG_ENABLE_MODULES = YES;
				CLANG_ENABLE_OBJC_ARC = YES;
				CLANG_ENABLE_OBJC_WEAK = YES;
				CLANG_WARN_BLOCK_CAPTURE_AUTORELEASING = YES;
				CLANG_WARN_BOOL_CONVERSION = YES;
				CLANG_WARN_COMMA = YES;
				CLANG_WARN_CONSTANT_CONVERSION = YES;
				CLANG_WARN_DEPRECATED_OBJC_IMPLEMENTATIONS = YES;
				CLANG_WARN_DIRECT_OBJC_ISA_USAGE = YES_ERROR;
				CLANG_WARN_DOCUMENTATION_COMMENTS = YES;
				CLANG_WARN_EMPTY_BODY = YES;
				CLANG_WARN_ENUM_CONVERSION = YES;
				CLANG_WARN_INFINITE_RECURSION = YES;
				CLANG_WARN_INT_CONVERSION = YES;
				CLANG_WARN_NON_LITERAL_NULL_CONVERSION = YES;
				CLANG_WARN_OBJC_IMPLICIT_RETAIN_SELF = YES;
				CLANG_WARN_OBJC_LITERAL_CONVERSION = YES;
				CLANG_WARN_OBJC_ROOT_CLASS = YES_ERROR;
				CLANG_WARN_RANGE_LOOP_ANALYSIS = YES;
				CLANG_WARN_STRICT_PROTOTYPES = YES;
				CLANG_WARN_SUSPICIOUS_MOVE = YES;
				CLANG_WARN_UNGUARDED_AVAILABILITY = YES_AGGRESSIVE;
				CLANG_WARN_UNREACHABLE_CODE = YES;
				CLANG_WARN__DUPLICATE_METHOD_MATCH = YES;
				CODE_SIGN_IDENTITY = "iPhone Developer";
				COPY_PHASE_STRIP = NO;
				DEBUG_INFORMATION_FORMAT = "dwarf-with-dsym";
				ENABLE_NS_ASSERTIONS = NO;
				ENABLE_STRICT_OBJC_MSGSEND = YES;
				GCC_C_LANGUAGE_STANDARD = gnu11;
				GCC_NO_COMMON_BLOCKS = YES;
				GCC_WARN_64_TO_32_BIT_CONVERSION = YES;
				GCC_WARN_ABOUT_RETURN_TYPE = YES_ERROR;
				GCC_WARN_UNDECLARED_SELECTOR = YES;
				GCC_WARN_UNINITIALIZED_AUTOS = YES_AGGRESSIVE;
				GCC_WARN_UNUSED_FUNCTION = YES;
				GCC_WARN_UNUSED_VARIABLE = YES;
				IPHONEOS_DEPLOYMENT_TARGET = 12.1;
				MTL_ENABLE_DEBUG_INFO = NO;
				MTL_FAST_MATH = YES;
				SDKROOT = iphoneos;
				SWIFT_COMPILATION_MODE = wholemodule;
				SWIFT_OPTIMIZATION_LEVEL = "-O";
				VALIDATE_PRODUCT = YES;
			};
			name = Release;
		};
		147980E72192452B00953CD2 /* Debug */ = {
			isa = XCBuildConfiguration;
			baseConfigurationReference = 94BCAA0C7FDAB058CAB5FEA3 /* Pods-GusService.debug.xcconfig */;
			buildSettings = {
				ASSETCATALOG_COMPILER_APPICON_NAME = AppIcon;
				CODE_SIGN_STYLE = Automatic;
				INFOPLIST_FILE = GusService/Info.plist;
				IPHONEOS_DEPLOYMENT_TARGET = 11.4;
				LD_RUNPATH_SEARCH_PATHS = (
					"$(inherited)",
					"@executable_path/Frameworks",
				);
				PRODUCT_BUNDLE_IDENTIFIER = com.fstajniak.GusService;
				PRODUCT_NAME = "$(TARGET_NAME)";
				SWIFT_VERSION = 4.2;
				TARGETED_DEVICE_FAMILY = 2;
			};
			name = Debug;
		};
		147980E82192452B00953CD2 /* Release */ = {
			isa = XCBuildConfiguration;
			baseConfigurationReference = 61EB1A3045ACEB6D608FC56C /* Pods-GusService.release.xcconfig */;
			buildSettings = {
				ASSETCATALOG_COMPILER_APPICON_NAME = AppIcon;
				CODE_SIGN_STYLE = Automatic;
				INFOPLIST_FILE = GusService/Info.plist;
				IPHONEOS_DEPLOYMENT_TARGET = 11.4;
				LD_RUNPATH_SEARCH_PATHS = (
					"$(inherited)",
					"@executable_path/Frameworks",
				);
				PRODUCT_BUNDLE_IDENTIFIER = com.fstajniak.GusService;
				PRODUCT_NAME = "$(TARGET_NAME)";
				SWIFT_VERSION = 4.2;
				TARGETED_DEVICE_FAMILY = 2;
			};
			name = Release;
		};
/* End XCBuildConfiguration section */

/* Begin XCConfigurationList section */
		147980CF2192452A00953CD2 /* Build configuration list for PBXProject "GusService" */ = {
			isa = XCConfigurationList;
			buildConfigurations = (
				147980E42192452B00953CD2 /* Debug */,
				147980E52192452B00953CD2 /* Release */,
			);
			defaultConfigurationIsVisible = 0;
			defaultConfigurationName = Release;
		};
		147980E62192452B00953CD2 /* Build configuration list for PBXNativeTarget "GusService" */ = {
			isa = XCConfigurationList;
			buildConfigurations = (
				147980E72192452B00953CD2 /* Debug */,
				147980E82192452B00953CD2 /* Release */,
			);
			defaultConfigurationIsVisible = 0;
			defaultConfigurationName = Release;
		};
/* End XCConfigurationList section */
	};
	rootObject = 147980CC2192452A00953CD2 /* Project object */;
}
